github.com/git-pkgs/vers v0.7.0 h1:7PD2DKFB8jTDIfiyWXbqYW54iVuNkFCBgXHgxOTdr8A=
github.com/git-pkgs/vers v0.7.0/go.mod h1:ofLiBpPNkQmC0LB1k0zmN1gCv7Hi3MiZx8WtmWZ4A9A=
github.com/package-url/packageurl-go v0.1.7 h1:iFWg6tzAjLA6F/qX3M5nZaiMHJgc+p2zxVyr/fY+sZY=
github.com/package-url/packageurl-go v0.1.7/go.mod h1:nKAWB8E6uk1MHqiS/lQb9pYBGH2+mdJ2PJc2s50dQY0=
