github.com/git-pkgs/packageurl-go v0.0.0-20260115093137-a0c26f7ee19e h1:HP9nixDfQIsqSBVYoGA9+FoimW8e2vSUg4cCqXLbX08=
github.com/git-pkgs/packageurl-go v0.0.0-20260115093137-a0c26f7ee19e/go.mod h1:nKAWB8E6uk1MHqiS/lQb9pYBGH2+mdJ2PJc2s50dQY0=
github.com/git-pkgs/vers v0.1.0 h1:Q/jhf/y2aeks6hhYOVFo1ZAjt++oNLLELHH3QAT6prA=
github.com/git-pkgs/vers v0.1.0/go.mod h1:wn8lpnRoIg1Y1F1daZK+OZxsmGuqVXj3ov6+uRWnMAw=
