github.com/git-pkgs/vers v0.3.1 h1:jy/ht2wIRJI5zQrccm6GTeYr+hGFwe2z8LV1HOr4Wco=
github.com/git-pkgs/vers v0.3.1/go.mod h1:biTbSQK1qdbrsxDEKnqe3Jzclxz8vW6uDcwKjfUGcOo=
github.com/package-url/packageurl-go v0.1.7 h1:iFWg6tzAjLA6F/qX3M5nZaiMHJgc+p2zxVyr/fY+sZY=
github.com/package-url/packageurl-go v0.1.7/go.mod h1:nKAWB8E6uk1MHqiS/lQb9pYBGH2+mdJ2PJc2s50dQY0=
